
Microsoft Visual Studio Solution File, Format Version 12.00
# Visual Studio Version 17
VisualStudioVersion = 17.4.33122.133
MinimumVisualStudioVersion = 10.0.40219.1
Project("{8BC9CEB8-8B4A-11D0-8D11-00A0C91BC942}") = "ChyrunSofia9.2.2", "ChyrunSofia9.2.2\ChyrunSofia9.2.2.vcxproj", "{090443BC-C7CC-45A6-94F5-DF592F907C23}"
EndProject
Project("{8BC9CEB8-8B4A-11D0-8D11-00A0C91BC942}") = "UnitTest9.2.2", "UnitTest9.2.2\UnitTest9.2.2.vcxproj", "{F4D82671-5FAA-4015-8513-6DC2A447BE6C}"
EndProject
Global
	GlobalSection(SolutionConfigurationPlatforms) = preSolution
		Debug|x64 = Debug|x64
		Debug|x86 = Debug|x86
		Release|x64 = Release|x64
		Release|x86 = Release|x86
	EndGlobalSection
	GlobalSection(ProjectConfigurationPlatforms) = postSolution
		{090443BC-C7CC-45A6-94F5-DF592F907C23}.Debug|x64.ActiveCfg = Debug|x64
		{090443BC-C7CC-45A6-94F5-DF592F907C23}.Debug|x64.Build.0 = Debug|x64
		{090443BC-C7CC-45A6-94F5-DF592F907C23}.Debug|x86.ActiveCfg = Debug|Win32
		{090443BC-C7CC-45A6-94F5-DF592F907C23}.Debug|x86.Build.0 = Debug|Win32
		{090443BC-C7CC-45A6-94F5-DF592F907C23}.Release|x64.ActiveCfg = Release|x64
		{090443BC-C7CC-45A6-94F5-DF592F907C23}.Release|x64.Build.0 = Release|x64
		{090443BC-C7CC-45A6-94F5-DF592F907C23}.Release|x86.ActiveCfg = Release|Win32
		{090443BC-C7CC-45A6-94F5-DF592F907C23}.Release|x86.Build.0 = Release|Win32
		{F4D82671-5FAA-4015-8513-6DC2A447BE6C}.Debug|x64.ActiveCfg = Debug|x64
		{F4D82671-5FAA-4015-8513-6DC2A447BE6C}.Debug|x64.Build.0 = Debug|x64
		{F4D82671-5FAA-4015-8513-6DC2A447BE6C}.Debug|x86.ActiveCfg = Debug|Win32
		{F4D82671-5FAA-4015-8513-6DC2A447BE6C}.Debug|x86.Build.0 = Debug|Win32
		{F4D82671-5FAA-4015-8513-6DC2A447BE6C}.Release|x64.ActiveCfg = Release|x64
		{F4D82671-5FAA-4015-8513-6DC2A447BE6C}.Release|x64.Build.0 = Release|x64
		{F4D82671-5FAA-4015-8513-6DC2A447BE6C}.Release|x86.ActiveCfg = Release|Win32
		{F4D82671-5FAA-4015-8513-6DC2A447BE6C}.Release|x86.Build.0 = Release|Win32
	EndGlobalSection
	GlobalSection(SolutionProperties) = preSolution
		HideSolutionNode = FALSE
	EndGlobalSection
	GlobalSection(ExtensibilityGlobals) = postSolution
		SolutionGuid = {6EC96F0B-DC5F-4121-AAD0-41A7F42C6153}
	EndGlobalSection
EndGlobal
